
Microsoft Visual Studio Solution File, Format Version 12.00
# Visual Studio Version 17
VisualStudioVersion = 17.5.002.0
MinimumVisualStudioVersion = 10.0.40219.1
Project("{9A19103F-16F7-4668-BE54-9A1E7A4F7556}") = "PetHealthCare", "PetHealthCare.csproj", "{BB06BDB4-0FA9-480A-935C-5BCC568F53B1}"
EndProject
Global
	GlobalSection(SolutionConfigurationPlatforms) = preSolution
		Debug|Any CPU = Debug|Any CPU
		Release|Any CPU = Release|Any CPU
	EndGlobalSection
	GlobalSection(ProjectConfigurationPlatforms) = postSolution
		{BB06BDB4-0FA9-480A-935C-5BCC568F53B1}.Debug|Any CPU.ActiveCfg = Debug|Any CPU
		{BB06BDB4-0FA9-480A-935C-5BCC568F53B1}.Debug|Any CPU.Build.0 = Debug|Any CPU
		{BB06BDB4-0FA9-480A-935C-5BCC568F53B1}.Release|Any CPU.ActiveCfg = Release|Any CPU
		{BB06BDB4-0FA9-480A-935C-5BCC568F53B1}.Release|Any CPU.Build.0 = Release|Any CPU
	EndGlobalSection
	GlobalSection(SolutionProperties) = preSolution
		HideSolutionNode = FALSE
	EndGlobalSection
	GlobalSection(ExtensibilityGlobals) = postSolution
		SolutionGuid = {A38EED2A-60F2-495A-83FE-CF714405E5A6}
	EndGlobalSection
EndGlobal
